
Microsoft Visual Studio Solution File, Format Version 12.00
# Visual Studio Version 16
VisualStudioVersion = 16.0.29613.14
MinimumVisualStudioVersion = 10.0.40219.1
Project("{888888A0-9F3D-457C-B088-3A5042F75D52}") = "for_Shaked_2020", "for_Shaked_2020.pyproj", "{2817179A-4674-4FC2-9E0F-564712428355}"
EndProject
Global
	GlobalSection(SolutionConfigurationPlatforms) = preSolution
		Debug|Any CPU = Debug|Any CPU
		Release|Any CPU = Release|Any CPU
	EndGlobalSection
	GlobalSection(ProjectConfigurationPlatforms) = postSolution
		{2817179A-4674-4FC2-9E0F-564712428355}.Debug|Any CPU.ActiveCfg = Debug|Any CPU
		{2817179A-4674-4FC2-9E0F-564712428355}.Debug|Any CPU.Build.0 = Debug|Any CPU
		{2817179A-4674-4FC2-9E0F-564712428355}.Release|Any CPU.ActiveCfg = Release|Any CPU
		{2817179A-4674-4FC2-9E0F-564712428355}.Release|Any CPU.Build.0 = Release|Any CPU
	EndGlobalSection
	GlobalSection(SolutionProperties) = preSolution
		HideSolutionNode = FALSE
	EndGlobalSection
	GlobalSection(ExtensibilityGlobals) = postSolution
		SolutionGuid = {223DC3E5-6848-4D94-87F6-8234B3148573}
	EndGlobalSection
EndGlobal
